
Microsoft Visual Studio Solution File, Format Version 12.00
# Visual Studio Version 17
VisualStudioVersion = 17.8.34316.72
MinimumVisualStudioVersion = 10.0.40219.1
Project("{FAE04EC0-301F-11D3-BF4B-00C04F79EFBC}") = "MyBankService.Infra", "MyBankService.Infra.csproj", "{1F8945E4-3132-43A7-A502-1FBDC2DE4AB8}"
EndProject
Global
	GlobalSection(SolutionConfigurationPlatforms) = preSolution
		Debug|Any CPU = Debug|Any CPU
		Release|Any CPU = Release|Any CPU
	EndGlobalSection
	GlobalSection(ProjectConfigurationPlatforms) = postSolution
		{1F8945E4-3132-43A7-A502-1FBDC2DE4AB8}.Debug|Any CPU.ActiveCfg = Debug|Any CPU
		{1F8945E4-3132-43A7-A502-1FBDC2DE4AB8}.Debug|Any CPU.Build.0 = Debug|Any CPU
		{1F8945E4-3132-43A7-A502-1FBDC2DE4AB8}.Release|Any CPU.ActiveCfg = Release|Any CPU
		{1F8945E4-3132-43A7-A502-1FBDC2DE4AB8}.Release|Any CPU.Build.0 = Release|Any CPU
	EndGlobalSection
	GlobalSection(SolutionProperties) = preSolution
		HideSolutionNode = FALSE
	EndGlobalSection
	GlobalSection(ExtensibilityGlobals) = postSolution
		SolutionGuid = {94E76B99-22A6-4237-8EBD-09A630765919}
	EndGlobalSection
EndGlobal
